
Microsoft Visual Studio Solution File, Format Version 12.00
# Visual Studio Version 16
VisualStudioVersion = 16.0.31410.357
MinimumVisualStudioVersion = 10.0.40219.1
Project("{9A19103F-16F7-4668-BE54-9A1E7A4F7556}") = "LambdaDemo2", "LambdaDemo2\src\LambdaDemo2\LambdaDemo2.csproj", "{E7C9E9C8-BBD0-4095-80A8-57300B4126D2}"
EndProject
Project("{9A19103F-16F7-4668-BE54-9A1E7A4F7556}") = "LambdaDemo1", "LambdaDemo1\LambdaDemo1.csproj", "{2D0F429D-CBA3-4FA7-B430-A7A6E7801A61}"
EndProject
Project("{9A19103F-16F7-4668-BE54-9A1E7A4F7556}") = "LambdaDemo2.Tests", "LambdaDemo2\test\LambdaDemo2.Tests\LambdaDemo2.Tests.csproj", "{600F8B36-0573-4DB2-9E52-9EDBF728013E}"
EndProject
Global
	GlobalSection(SolutionConfigurationPlatforms) = preSolution
		Debug|Any CPU = Debug|Any CPU
		Release|Any CPU = Release|Any CPU
	EndGlobalSection
	GlobalSection(ProjectConfigurationPlatforms) = postSolution
		{E7C9E9C8-BBD0-4095-80A8-57300B4126D2}.Debug|Any CPU.ActiveCfg = Debug|Any CPU
		{E7C9E9C8-BBD0-4095-80A8-57300B4126D2}.Debug|Any CPU.Build.0 = Debug|Any CPU
		{E7C9E9C8-BBD0-4095-80A8-57300B4126D2}.Release|Any CPU.ActiveCfg = Release|Any CPU
		{E7C9E9C8-BBD0-4095-80A8-57300B4126D2}.Release|Any CPU.Build.0 = Release|Any CPU
		{2D0F429D-CBA3-4FA7-B430-A7A6E7801A61}.Debug|Any CPU.ActiveCfg = Debug|Any CPU
		{2D0F429D-CBA3-4FA7-B430-A7A6E7801A61}.Debug|Any CPU.Build.0 = Debug|Any CPU
		{2D0F429D-CBA3-4FA7-B430-A7A6E7801A61}.Release|Any CPU.ActiveCfg = Release|Any CPU
		{2D0F429D-CBA3-4FA7-B430-A7A6E7801A61}.Release|Any CPU.Build.0 = Release|Any CPU
		{600F8B36-0573-4DB2-9E52-9EDBF728013E}.Debug|Any CPU.ActiveCfg = Debug|Any CPU
		{600F8B36-0573-4DB2-9E52-9EDBF728013E}.Debug|Any CPU.Build.0 = Debug|Any CPU
		{600F8B36-0573-4DB2-9E52-9EDBF728013E}.Release|Any CPU.ActiveCfg = Release|Any CPU
		{600F8B36-0573-4DB2-9E52-9EDBF728013E}.Release|Any CPU.Build.0 = Release|Any CPU
	EndGlobalSection
	GlobalSection(SolutionProperties) = preSolution
		HideSolutionNode = FALSE
	EndGlobalSection
	GlobalSection(ExtensibilityGlobals) = postSolution
		SolutionGuid = {3F20AE74-799D-4114-BC8B-CC2FC4404F7B}
	EndGlobalSection
EndGlobal
